// !$*UTF8*$!
{
	archiveVersion = 1;
	classes = {
	};
	objectVersion = 50;
	objects = {

/* Begin PBXBuildFile section */
		90A1CF502656DFCF00C131E5 /* AppDelegate.swift in Sources */ = {isa = PBXBuildFile; fileRef = 90A1CF4F2656DFCF00C131E5 /* AppDelegate.swift */; };
		90A1CF542656DFCF00C131E5 /* PhotoGalleryViewController.swift in Sources */ = {isa = PBXBuildFile; fileRef = 90A1CF532656DFCF00C131E5 /* PhotoGalleryViewController.swift */; };
		90A1CF572656DFCF00C131E5 /* Main.storyboard in Resources */ = {isa = PBXBuildFile; fileRef = 90A1CF552656DFCF00C131E5 /* Main.storyboard */; };
		90A1CF592656DFD200C131E5 /* Assets.xcassets in Resources */ = {isa = PBXBuildFile; fileRef = 90A1CF582656DFD200C131E5 /* Assets.xcassets */; };
		90A1CF5C2656DFD200C131E5 /* LaunchScreen.storyboard in Resources */ = {isa = PBXBuildFile; fileRef = 90A1CF5A2656DFD200C131E5 /* LaunchScreen.storyboard */; };
		90A1CF652656E54600C131E5 /* PhotoImageTableViewCell.swift in Sources */ = {isa = PBXBuildFile; fileRef = 90A1CF632656E54600C131E5 /* PhotoImageTableViewCell.swift */; };
		90A1CF682657B7FE00C131E5 /* PhotoFilterApplier.swift in Sources */ = {isa = PBXBuildFile; fileRef = 90A1CF672657B7FE00C131E5 /* PhotoFilterApplier.swift */; };
		90A1CF6A2657BC9100C131E5 /* PhotosFetcher.swift in Sources */ = {isa = PBXBuildFile; fileRef = 90A1CF692657BC9100C131E5 /* PhotosFetcher.swift */; };
		90A1CF6C2657BFE000C131E5 /* PhotosFetcherProtocol.swift in Sources */ = {isa = PBXBuildFile; fileRef = 90A1CF6B2657BFE000C131E5 /* PhotosFetcherProtocol.swift */; };
		90A1CF7E26593ED400C131E5 /* UIAlertController+Extensions.swift in Sources */ = {isa = PBXBuildFile; fileRef = 90A1CF7D26593ED400C131E5 /* UIAlertController+Extensions.swift */; };
		90B36721265AF0B5005B300E /* PhotoFilterApplierProtocol.swift in Sources */ = {isa = PBXBuildFile; fileRef = 90B36720265AF0B5005B300E /* PhotoFilterApplierProtocol.swift */; };
/* End PBXBuildFile section */

/* Begin PBXFileReference section */
		90A1CF4C2656DFCF00C131E5 /* PhotoGalleryViewer.app */ = {isa = PBXFileReference; explicitFileType = wrapper.application; includeInIndex = 0; path = PhotoGalleryViewer.app; sourceTree = BUILT_PRODUCTS_DIR; };
		90A1CF4F2656DFCF00C131E5 /* AppDelegate.swift */ = {isa = PBXFileReference; lastKnownFileType = sourcecode.swift; path = AppDelegate.swift; sourceTree = "<group>"; };
		90A1CF532656DFCF00C131E5 /* PhotoGalleryViewController.swift */ = {isa = PBXFileReference; lastKnownFileType = sourcecode.swift; path = PhotoGalleryViewController.swift; sourceTree = "<group>"; };
		90A1CF562656DFCF00C131E5 /* Base */ = {isa = PBXFileReference; lastKnownFileType = file.storyboard; name = Base; path = Base.lproj/Main.storyboard; sourceTree = "<group>"; };
		90A1CF582656DFD200C131E5 /* Assets.xcassets */ = {isa = PBXFileReference; lastKnownFileType = folder.assetcatalog; path = Assets.xcassets; sourceTree = "<group>"; };
		90A1CF5B2656DFD200C131E5 /* Base */ = {isa = PBXFileReference; lastKnownFileType = file.storyboard; name = Base; path = Base.lproj/LaunchScreen.storyboard; sourceTree = "<group>"; };
		90A1CF5D2656DFD200C131E5 /* Info.plist */ = {isa = PBXFileReference; lastKnownFileType = text.plist.xml; path = Info.plist; sourceTree = "<group>"; };
		90A1CF632656E54600C131E5 /* PhotoImageTableViewCell.swift */ = {isa = PBXFileReference; lastKnownFileType = sourcecode.swift; path = PhotoImageTableViewCell.swift; sourceTree = "<group>"; };
		90A1CF672657B7FE00C131E5 /* PhotoFilterApplier.swift */ = {isa = PBXFileReference; lastKnownFileType = sourcecode.swift; path = PhotoFilterApplier.swift; sourceTree = "<group>"; };
		90A1CF692657BC9100C131E5 /* PhotosFetcher.swift */ = {isa = PBXFileReference; lastKnownFileType = sourcecode.swift; path = PhotosFetcher.swift; sourceTree = "<group>"; };
		90A1CF6B2657BFE000C131E5 /* PhotosFetcherProtocol.swift */ = {isa = PBXFileReference; lastKnownFileType = sourcecode.swift; path = PhotosFetcherProtocol.swift; sourceTree = "<group>"; };
		90A1CF7D26593ED400C131E5 /* UIAlertController+Extensions.swift */ = {isa = PBXFileReference; lastKnownFileType = sourcecode.swift; path = "UIAlertController+Extensions.swift"; sourceTree = "<group>"; };
		90B36720265AF0B5005B300E /* PhotoFilterApplierProtocol.swift */ = {isa = PBXFileReference; lastKnownFileType = sourcecode.swift; path = PhotoFilterApplierProtocol.swift; sourceTree = "<group>"; };
/* End PBXFileReference section */

/* Begin PBXFrameworksBuildPhase section */
		90A1CF492656DFCF00C131E5 /* Frameworks */ = {
			isa = PBXFrameworksBuildPhase;
			buildActionMask = 2147483647;
			files = (
			);
			runOnlyForDeploymentPostprocessing = 0;
		};
/* End PBXFrameworksBuildPhase section */

/* Begin PBXGroup section */
		90A1CF432656DFCF00C131E5 = {
			isa = PBXGroup;
			children = (
				90A1CF4E2656DFCF00C131E5 /* PhotoGalleryViewer */,
				90A1CF4D2656DFCF00C131E5 /* Products */,
			);
			sourceTree = "<group>";
		};
		90A1CF4D2656DFCF00C131E5 /* Products */ = {
			isa = PBXGroup;
			children = (
				90A1CF4C2656DFCF00C131E5 /* PhotoGalleryViewer.app */,
			);
			name = Products;
			sourceTree = "<group>";
		};
		90A1CF4E2656DFCF00C131E5 /* PhotoGalleryViewer */ = {
			isa = PBXGroup;
			children = (
				90A1CF4F2656DFCF00C131E5 /* AppDelegate.swift */,
				90A1CF6B2657BFE000C131E5 /* PhotosFetcherProtocol.swift */,
				90B36720265AF0B5005B300E /* PhotoFilterApplierProtocol.swift */,
				90A1CF822659439200C131E5 /* UI */,
				90A1CF812659434A00C131E5 /* PhotosFetcher */,
				90B36722265AF10A005B300E /* PhotoFilterApplier */,
				90A1CF5D2656DFD200C131E5 /* Info.plist */,
				90A1CF802659427000C131E5 /* Supporting Files */,
				90A1CF7F26593EE700C131E5 /* Extensions */,
			);
			path = PhotoGalleryViewer;
			sourceTree = "<group>";
		};
		90A1CF7F26593EE700C131E5 /* Extensions */ = {
			isa = PBXGroup;
			children = (
				90A1CF7D26593ED400C131E5 /* UIAlertController+Extensions.swift */,
			);
			path = Extensions;
			sourceTree = "<group>";
		};
		90A1CF802659427000C131E5 /* Supporting Files */ = {
			isa = PBXGroup;
			children = (
				90A1CF5A2656DFD200C131E5 /* LaunchScreen.storyboard */,
				90A1CF582656DFD200C131E5 /* Assets.xcassets */,
			);
			path = "Supporting Files";
			sourceTree = "<group>";
		};
		90A1CF812659434A00C131E5 /* PhotosFetcher */ = {
			isa = PBXGroup;
			children = (
				90A1CF692657BC9100C131E5 /* PhotosFetcher.swift */,
			);
			path = PhotosFetcher;
			sourceTree = "<group>";
		};
		90A1CF822659439200C131E5 /* UI */ = {
			isa = PBXGroup;
			children = (
				90A1CF552656DFCF00C131E5 /* Main.storyboard */,
				90A1CF532656DFCF00C131E5 /* PhotoGalleryViewController.swift */,
				90A1CF632656E54600C131E5 /* PhotoImageTableViewCell.swift */,
			);
			path = UI;
			sourceTree = "<group>";
		};
		90B36722265AF10A005B300E /* PhotoFilterApplier */ = {
			isa = PBXGroup;
			children = (
				90A1CF672657B7FE00C131E5 /* PhotoFilterApplier.swift */,
			);
			name = PhotoFilterApplier;
			sourceTree = "<group>";
		};
/* End PBXGroup section */

/* Begin PBXNativeTarget section */
		90A1CF4B2656DFCF00C131E5 /* PhotoGalleryViewer */ = {
			isa = PBXNativeTarget;
			buildConfigurationList = 90A1CF602656DFD200C131E5 /* Build configuration list for PBXNativeTarget "PhotoGalleryViewer" */;
			buildPhases = (
				90A1CF482656DFCF00C131E5 /* Sources */,
				90A1CF492656DFCF00C131E5 /* Frameworks */,
				90A1CF4A2656DFCF00C131E5 /* Resources */,
			);
			buildRules = (
			);
			dependencies = (
			);
			name = PhotoGalleryViewer;
			productName = PhotoGalleryViewer;
			productReference = 90A1CF4C2656DFCF00C131E5 /* PhotoGalleryViewer.app */;
			productType = "com.apple.product-type.application";
		};
/* End PBXNativeTarget section */

/* Begin PBXProject section */
		90A1CF442656DFCF00C131E5 /* Project object */ = {
			isa = PBXProject;
			attributes = {
				LastSwiftUpdateCheck = 1250;
				LastUpgradeCheck = 1250;
				TargetAttributes = {
					90A1CF4B2656DFCF00C131E5 = {
						CreatedOnToolsVersion = 12.5;
					};
				};
			};
			buildConfigurationList = 90A1CF472656DFCF00C131E5 /* Build configuration list for PBXProject "PhotoGalleryViewer" */;
			compatibilityVersion = "Xcode 9.3";
			developmentRegion = en;
			hasScannedForEncodings = 0;
			knownRegions = (
				en,
				Base,
			);
			mainGroup = 90A1CF432656DFCF00C131E5;
			productRefGroup = 90A1CF4D2656DFCF00C131E5 /* Products */;
			projectDirPath = "";
			projectRoot = "";
			targets = (
				90A1CF4B2656DFCF00C131E5 /* PhotoGalleryViewer */,
			);
		};
/* End PBXProject section */

/* Begin PBXResourcesBuildPhase section */
		90A1CF4A2656DFCF00C131E5 /* Resources */ = {
			isa = PBXResourcesBuildPhase;
			buildActionMask = 2147483647;
			files = (
				90A1CF5C2656DFD200C131E5 /* LaunchScreen.storyboard in Resources */,
				90A1CF592656DFD200C131E5 /* Assets.xcassets in Resources */,
				90A1CF572656DFCF00C131E5 /* Main.storyboard in Resources */,
			);
			runOnlyForDeploymentPostprocessing = 0;
		};
/* End PBXResourcesBuildPhase section */

/* Begin PBXSourcesBuildPhase section */
		90A1CF482656DFCF00C131E5 /* Sources */ = {
			isa = PBXSourcesBuildPhase;
			buildActionMask = 2147483647;
			files = (
				90A1CF542656DFCF00C131E5 /* PhotoGalleryViewController.swift in Sources */,
				90A1CF502656DFCF00C131E5 /* AppDelegate.swift in Sources */,
				90A1CF6C2657BFE000C131E5 /* PhotosFetcherProtocol.swift in Sources */,
				90A1CF652656E54600C131E5 /* PhotoImageTableViewCell.swift in Sources */,
				90B36721265AF0B5005B300E /* PhotoFilterApplierProtocol.swift in Sources */,
				90A1CF7E26593ED400C131E5 /* UIAlertController+Extensions.swift in Sources */,
				90A1CF6A2657BC9100C131E5 /* PhotosFetcher.swift in Sources */,
				90A1CF682657B7FE00C131E5 /* PhotoFilterApplier.swift in Sources */,
			);
			runOnlyForDeploymentPostprocessing = 0;
		};
/* End PBXSourcesBuildPhase section */

/* Begin PBXVariantGroup section */
		90A1CF552656DFCF00C131E5 /* Main.storyboard */ = {
			isa = PBXVariantGroup;
			children = (
				90A1CF562656DFCF00C131E5 /* Base */,
			);
			name = Main.storyboard;
			sourceTree = "<group>";
		};
		90A1CF5A2656DFD200C131E5 /* LaunchScreen.storyboard */ = {
			isa = PBXVariantGroup;
			children = (
				90A1CF5B2656DFD200C131E5 /* Base */,
			);
			name = LaunchScreen.storyboard;
			sourceTree = "<group>";
		};
/* End PBXVariantGroup section */

/* Begin XCBuildConfiguration section */
		90A1CF5E2656DFD200C131E5 /* Debug */ = {
			isa = XCBuildConfiguration;
			buildSettings = {
				ALWAYS_SEARCH_USER_PATHS = NO;
				CLANG_ANALYZER_NONNULL = YES;
				CLANG_ANALYZER_NUMBER_OBJECT_CONVERSION = YES_AGGRESSIVE;
				CLANG_CXX_LANGUAGE_STANDARD = "gnu++14";
				CLANG_CXX_LIBRARY = "libc++";
				CLANG_ENABLE_MODULES = YES;
				CLANG_ENABLE_OBJC_ARC = YES;
				CLANG_ENABLE_OBJC_WEAK = YES;
				CLANG_WARN_BLOCK_CAPTURE_AUTORELEASING = YES;
				CLANG_WARN_BOOL_CONVERSION = YES;
				CLANG_WARN_COMMA = YES;
				CLANG_WARN_CONSTANT_CONVERSION = YES;
				CLANG_WARN_DEPRECATED_OBJC_IMPLEMENTATIONS = YES;
				CLANG_WARN_DIRECT_OBJC_ISA_USAGE = YES_ERROR;
				CLANG_WARN_DOCUMENTATION_COMMENTS = YES;
				CLANG_WARN_EMPTY_BODY = YES;
				CLANG_WARN_ENUM_CONVERSION = YES;
				CLANG_WARN_INFINITE_RECURSION = YES;
				CLANG_WARN_INT_CONVERSION = YES;
				CLANG_WARN_NON_LITERAL_NULL_CONVERSION = YES;
				CLANG_WARN_OBJC_IMPLICIT_RETAIN_SELF = YES;
				CLANG_WARN_OBJC_LITERAL_CONVERSION = YES;
				CLANG_WARN_OBJC_ROOT_CLASS = YES_ERROR;
				CLANG_WARN_QUOTED_INCLUDE_IN_FRAMEWORK_HEADER = YES;
				CLANG_WARN_RANGE_LOOP_ANALYSIS = YES;
				CLANG_WARN_STRICT_PROTOTYPES = YES;
				CLANG_WARN_SUSPICIOUS_MOVE = YES;
				CLANG_WARN_UNGUARDED_AVAILABILITY = YES_AGGRESSIVE;
				CLANG_WARN_UNREACHABLE_CODE = YES;
				CLANG_WARN__DUPLICATE_METHOD_MATCH = YES;
				COPY_PHASE_STRIP = NO;
				DEBUG_INFORMATION_FORMAT = dwarf;
				ENABLE_STRICT_OBJC_MSGSEND = YES;
				ENABLE_TESTABILITY = YES;
				GCC_C_LANGUAGE_STANDARD = gnu11;
				GCC_DYNAMIC_NO_PIC = NO;
				GCC_NO_COMMON_BLOCKS = YES;
				GCC_OPTIMIZATION_LEVEL = 0;
				GCC_PREPROCESSOR_DEFINITIONS = (
					"DEBUG=1",
					"$(inherited)",
				);
				GCC_WARN_64_TO_32_BIT_CONVERSION = YES;
				GCC_WARN_ABOUT_RETURN_TYPE = YES_ERROR;
				GCC_WARN_UNDECLARED_SELECTOR = YES;
				GCC_WARN_UNINITIALIZED_AUTOS = YES_AGGRESSIVE;
				GCC_WARN_UNUSED_FUNCTION = YES;
				GCC_WARN_UNUSED_VARIABLE = YES;
				IPHONEOS_DEPLOYMENT_TARGET = 14.5;
				MTL_ENABLE_DEBUG_INFO = INCLUDE_SOURCE;
				MTL_FAST_MATH = YES;
				ONLY_ACTIVE_ARCH = YES;
				SDKROOT = iphoneos;
				SWIFT_ACTIVE_COMPILATION_CONDITIONS = DEBUG;
				SWIFT_OPTIMIZATION_LEVEL = "-Onone";
			};
			name = Debug;
		};
		90A1CF5F2656DFD200C131E5 /* Release */ = {
			isa = XCBuildConfiguration;
			buildSettings = {
				ALWAYS_SEARCH_USER_PATHS = NO;
				CLANG_ANALYZER_NONNULL = YES;
				CLANG_ANALYZER_NUMBER_OBJECT_CONVERSION = YES_AGGRESSIVE;
				CLANG_CXX_LANGUAGE_STANDARD = "gnu++14";
				CLANG_CXX_LIBRARY = "libc++";
				CLANG_ENABLE_MODULES = YES;
				CLANG_ENABLE_OBJC_ARC = YES;
				CLANG_ENABLE_OBJC_WEAK = YES;
				CLANG_WARN_BLOCK_CAPTURE_AUTORELEASING = YES;
				CLANG_WARN_BOOL_CONVERSION = YES;
				CLANG_WARN_COMMA = YES;
				CLANG_WARN_CONSTANT_CONVERSION = YES;
				CLANG_WARN_DEPRECATED_OBJC_IMPLEMENTATIONS = YES;
				CLANG_WARN_DIRECT_OBJC_ISA_USAGE = YES_ERROR;
				CLANG_WARN_DOCUMENTATION_COMMENTS = YES;
				CLANG_WARN_EMPTY_BODY = YES;
				CLANG_WARN_ENUM_CONVERSION = YES;
				CLANG_WARN_INFINITE_RECURSION = YES;
				CLANG_WARN_INT_CONVERSION = YES;
				CLANG_WARN_NON_LITERAL_NULL_CONVERSION = YES;
				CLANG_WARN_OBJC_IMPLICIT_RETAIN_SELF = YES;
				CLANG_WARN_OBJC_LITERAL_CONVERSION = YES;
				CLANG_WARN_OBJC_ROOT_CLASS = YES_ERROR;
				CLANG_WARN_QUOTED_INCLUDE_IN_FRAMEWORK_HEADER = YES;
				CLANG_WARN_RANGE_LOOP_ANALYSIS = YES;
				CLANG_WARN_STRICT_PROTOTYPES = YES;
				CLANG_WARN_SUSPICIOUS_MOVE = YES;
				CLANG_WARN_UNGUARDED_AVAILABILITY = YES_AGGRESSIVE;
				CLANG_WARN_UNREACHABLE_CODE = YES;
				CLANG_WARN__DUPLICATE_METHOD_MATCH = YES;
				COPY_PHASE_STRIP = NO;
				DEBUG_INFORMATION_FORMAT = "dwarf-with-dsym";
				ENABLE_NS_ASSERTIONS = NO;
				ENABLE_STRICT_OBJC_MSGSEND = YES;
				GCC_C_LANGUAGE_STANDARD = gnu11;
				GCC_NO_COMMON_BLOCKS = YES;
				GCC_WARN_64_TO_32_BIT_CONVERSION = YES;
				GCC_WARN_ABOUT_RETURN_TYPE = YES_ERROR;
				GCC_WARN_UNDECLARED_SELECTOR = YES;
				GCC_WARN_UNINITIALIZED_AUTOS = YES_AGGRESSIVE;
				GCC_WARN_UNUSED_FUNCTION = YES;
				GCC_WARN_UNUSED_VARIABLE = YES;
				IPHONEOS_DEPLOYMENT_TARGET = 14.5;
				MTL_ENABLE_DEBUG_INFO = NO;
				MTL_FAST_MATH = YES;
				SDKROOT = iphoneos;
				SWIFT_COMPILATION_MODE = wholemodule;
				SWIFT_OPTIMIZATION_LEVEL = "-O";
				VALIDATE_PRODUCT = YES;
			};
			name = Release;
		};
		90A1CF612656DFD200C131E5 /* Debug */ = {
			isa = XCBuildConfiguration;
			buildSettings = {
				ASSETCATALOG_COMPILER_APPICON_NAME = AppIcon;
				ASSETCATALOG_COMPILER_GLOBAL_ACCENT_COLOR_NAME = AccentColor;
				CODE_SIGN_STYLE = Automatic;
				DEVELOPMENT_TEAM = 35SF9B6Y3C;
				INFOPLIST_FILE = PhotoGalleryViewer/Info.plist;
				LD_RUNPATH_SEARCH_PATHS = (
					"$(inherited)",
					"@executable_path/Frameworks",
				);
				PRODUCT_BUNDLE_IDENTIFIER = com.dlink13.PhotoGalleryViewer;
				PRODUCT_NAME = "$(TARGET_NAME)";
				SWIFT_VERSION = 5.0;
				TARGETED_DEVICE_FAMILY = "1,2";
			};
			name = Debug;
		};
		90A1CF622656DFD200C131E5 /* Release */ = {
			isa = XCBuildConfiguration;
			buildSettings = {
				ASSETCATALOG_COMPILER_APPICON_NAME = AppIcon;
				ASSETCATALOG_COMPILER_GLOBAL_ACCENT_COLOR_NAME = AccentColor;
				CODE_SIGN_STYLE = Automatic;
				DEVELOPMENT_TEAM = 35SF9B6Y3C;
				INFOPLIST_FILE = PhotoGalleryViewer/Info.plist;
				LD_RUNPATH_SEARCH_PATHS = (
					"$(inherited)",
					"@executable_path/Frameworks",
				);
				PRODUCT_BUNDLE_IDENTIFIER = com.dlink13.PhotoGalleryViewer;
				PRODUCT_NAME = "$(TARGET_NAME)";
				SWIFT_VERSION = 5.0;
				TARGETED_DEVICE_FAMILY = "1,2";
			};
			name = Release;
		};
/* End XCBuildConfiguration section */

/* Begin XCConfigurationList section */
		90A1CF472656DFCF00C131E5 /* Build configuration list for PBXProject "PhotoGalleryViewer" */ = {
			isa = XCConfigurationList;
			buildConfigurations = (
				90A1CF5E2656DFD200C131E5 /* Debug */,
				90A1CF5F2656DFD200C131E5 /* Release */,
			);
			defaultConfigurationIsVisible = 0;
			defaultConfigurationName = Release;
		};
		90A1CF602656DFD200C131E5 /* Build configuration list for PBXNativeTarget "PhotoGalleryViewer" */ = {
			isa = XCConfigurationList;
			buildConfigurations = (
				90A1CF612656DFD200C131E5 /* Debug */,
				90A1CF622656DFD200C131E5 /* Release */,
			);
			defaultConfigurationIsVisible = 0;
			defaultConfigurationName = Release;
		};
/* End XCConfigurationList section */
	};
	rootObject = 90A1CF442656DFCF00C131E5 /* Project object */;
}
